
Microsoft Visual Studio Solution File, Format Version 12.00
# Visual Studio Version 17
VisualStudioVersion = 17.1.32319.34
MinimumVisualStudioVersion = 10.0.40219.1
Project("{9A19103F-16F7-4668-BE54-9A1E7A4F7556}") = "LabsCourseManagement.Domain", "LabsCourseManagement.Domain\LabsCourseManagement.Domain.csproj", "{2BFEE2C0-BB13-499D-987A-37CABB363AED}"
EndProject
Project("{2150E333-8FDC-42A3-9474-1A3956D46DE8}") = "src", "src", "{5B16CB86-50FD-4BCB-8152-B90547E63D1C}"
EndProject
Project("{9A19103F-16F7-4668-BE54-9A1E7A4F7556}") = "LabsCourseManagement.Application", "LabsCourseManagement.Application\LabsCourseManagement.Application.csproj", "{2FFEABE4-0D29-44DA-829A-2A08EEDDA14D}"
EndProject
Project("{9A19103F-16F7-4668-BE54-9A1E7A4F7556}") = "LabsCourseManagement.Infrastructure", "LabsCourseManagement.Infrastructure\LabsCourseManagement.Infrastructure.csproj", "{DE6795BB-7D09-4C50-805F-1E80DFB5D4C9}"
EndProject
Project("{9A19103F-16F7-4668-BE54-9A1E7A4F7556}") = "LabsCourseManagement.WebUI", "LabsCourseManagement.WebUI\LabsCourseManagement.WebUI.csproj", "{E9895623-1394-4D20-9C55-09C6F935E476}"
EndProject
Project("{2150E333-8FDC-42A3-9474-1A3956D46DE8}") = "Application", "Application", "{E4C0DD1B-C591-4C13-B231-299CEBBADE04}"
EndProject
Project("{2150E333-8FDC-42A3-9474-1A3956D46DE8}") = "Domain", "Domain", "{AB92B9AD-C4C7-4378-B2B3-E4FDB43CFCE1}"
EndProject
Project("{2150E333-8FDC-42A3-9474-1A3956D46DE8}") = "Infrastructure", "Infrastructure", "{926F1E41-ABBF-4F4A-B82F-2E34472050CC}"
EndProject
Project("{2150E333-8FDC-42A3-9474-1A3956D46DE8}") = "WebUI", "WebUI", "{320E0E78-492A-4043-8059-B68A57BBF4D7}"
EndProject
Project("{2150E333-8FDC-42A3-9474-1A3956D46DE8}") = "test", "test", "{1B66AC58-5AC0-44DB-BCC8-9151AA6EF07E}"
EndProject
Project("{2150E333-8FDC-42A3-9474-1A3956D46DE8}") = "IntegrationTests", "IntegrationTests", "{26883F74-7AFB-416E-BB8B-CA1591F146E1}"
EndProject
Project("{2150E333-8FDC-42A3-9474-1A3956D46DE8}") = "UnitTests", "UnitTests", "{2844D5E8-396D-4A1A-A81A-DE099CB1485B}"
EndProject
Project("{9A19103F-16F7-4668-BE54-9A1E7A4F7556}") = "LabsCourseManagement.UnitTests", "LabsCourseManagement.UnitTests\LabsCourseManagement.UnitTests.csproj", "{EAF29649-586D-4D4A-B384-675D95ABAA25}"
EndProject
Project("{9A19103F-16F7-4668-BE54-9A1E7A4F7556}") = "LabsCourseManagement.IntegrationTests", "LabsCourseManagement.IntegrationTests\LabsCourseManagement.IntegrationTests.csproj", "{1BDF24B2-53BF-4875-AC05-9F77656BA2D5}"
EndProject
Project("{9A19103F-16F7-4668-BE54-9A1E7A4F7556}") = "LabsCourseManagement.Shared", "LabsCourseManagement.Shared\LabsCourseManagement.Shared.csproj", "{20261A29-5FB1-4C79-8D7B-B3AE978A0208}"
EndProject
Project("{FAE04EC0-301F-11D3-BF4B-00C04F79EFBC}") = "LabsCourseManagement.UI", "LabsCourseManagement.UI\LabsCourseManagement.UI.csproj", "{4797608B-2C45-4FF0-A6AC-00393EA5F76F}"
EndProject
Global
	GlobalSection(SolutionConfigurationPlatforms) = preSolution
		Debug|Any CPU = Debug|Any CPU
		Release|Any CPU = Release|Any CPU
	EndGlobalSection
	GlobalSection(ProjectConfigurationPlatforms) = postSolution
		{2BFEE2C0-BB13-499D-987A-37CABB363AED}.Debug|Any CPU.ActiveCfg = Debug|Any CPU
		{2BFEE2C0-BB13-499D-987A-37CABB363AED}.Debug|Any CPU.Build.0 = Debug|Any CPU
		{2BFEE2C0-BB13-499D-987A-37CABB363AED}.Release|Any CPU.ActiveCfg = Release|Any CPU
		{2BFEE2C0-BB13-499D-987A-37CABB363AED}.Release|Any CPU.Build.0 = Release|Any CPU
		{2FFEABE4-0D29-44DA-829A-2A08EEDDA14D}.Debug|Any CPU.ActiveCfg = Debug|Any CPU
		{2FFEABE4-0D29-44DA-829A-2A08EEDDA14D}.Debug|Any CPU.Build.0 = Debug|Any CPU
		{2FFEABE4-0D29-44DA-829A-2A08EEDDA14D}.Release|Any CPU.ActiveCfg = Release|Any CPU
		{2FFEABE4-0D29-44DA-829A-2A08EEDDA14D}.Release|Any CPU.Build.0 = Release|Any CPU
		{DE6795BB-7D09-4C50-805F-1E80DFB5D4C9}.Debug|Any CPU.ActiveCfg = Debug|Any CPU
		{DE6795BB-7D09-4C50-805F-1E80DFB5D4C9}.Debug|Any CPU.Build.0 = Debug|Any CPU
		{DE6795BB-7D09-4C50-805F-1E80DFB5D4C9}.Release|Any CPU.ActiveCfg = Release|Any CPU
		{DE6795BB-7D09-4C50-805F-1E80DFB5D4C9}.Release|Any CPU.Build.0 = Release|Any CPU
		{E9895623-1394-4D20-9C55-09C6F935E476}.Debug|Any CPU.ActiveCfg = Debug|Any CPU
		{E9895623-1394-4D20-9C55-09C6F935E476}.Debug|Any CPU.Build.0 = Debug|Any CPU
		{E9895623-1394-4D20-9C55-09C6F935E476}.Release|Any CPU.ActiveCfg = Release|Any CPU
		{E9895623-1394-4D20-9C55-09C6F935E476}.Release|Any CPU.Build.0 = Release|Any CPU
		{EAF29649-586D-4D4A-B384-675D95ABAA25}.Debug|Any CPU.ActiveCfg = Debug|Any CPU
		{EAF29649-586D-4D4A-B384-675D95ABAA25}.Debug|Any CPU.Build.0 = Debug|Any CPU
		{EAF29649-586D-4D4A-B384-675D95ABAA25}.Release|Any CPU.ActiveCfg = Release|Any CPU
		{EAF29649-586D-4D4A-B384-675D95ABAA25}.Release|Any CPU.Build.0 = Release|Any CPU
		{1BDF24B2-53BF-4875-AC05-9F77656BA2D5}.Debug|Any CPU.ActiveCfg = Debug|Any CPU
		{1BDF24B2-53BF-4875-AC05-9F77656BA2D5}.Debug|Any CPU.Build.0 = Debug|Any CPU
		{1BDF24B2-53BF-4875-AC05-9F77656BA2D5}.Release|Any CPU.ActiveCfg = Release|Any CPU
		{1BDF24B2-53BF-4875-AC05-9F77656BA2D5}.Release|Any CPU.Build.0 = Release|Any CPU
		{20261A29-5FB1-4C79-8D7B-B3AE978A0208}.Debug|Any CPU.ActiveCfg = Debug|Any CPU
		{20261A29-5FB1-4C79-8D7B-B3AE978A0208}.Debug|Any CPU.Build.0 = Debug|Any CPU
		{20261A29-5FB1-4C79-8D7B-B3AE978A0208}.Release|Any CPU.ActiveCfg = Release|Any CPU
		{20261A29-5FB1-4C79-8D7B-B3AE978A0208}.Release|Any CPU.Build.0 = Release|Any CPU
		{4797608B-2C45-4FF0-A6AC-00393EA5F76F}.Debug|Any CPU.ActiveCfg = Debug|Any CPU
		{4797608B-2C45-4FF0-A6AC-00393EA5F76F}.Debug|Any CPU.Build.0 = Debug|Any CPU
		{4797608B-2C45-4FF0-A6AC-00393EA5F76F}.Release|Any CPU.ActiveCfg = Release|Any CPU
		{4797608B-2C45-4FF0-A6AC-00393EA5F76F}.Release|Any CPU.Build.0 = Release|Any CPU
	EndGlobalSection
	GlobalSection(SolutionProperties) = preSolution
		HideSolutionNode = FALSE
	EndGlobalSection
	GlobalSection(NestedProjects) = preSolution
		{2BFEE2C0-BB13-499D-987A-37CABB363AED} = {AB92B9AD-C4C7-4378-B2B3-E4FDB43CFCE1}
		{2FFEABE4-0D29-44DA-829A-2A08EEDDA14D} = {E4C0DD1B-C591-4C13-B231-299CEBBADE04}
		{DE6795BB-7D09-4C50-805F-1E80DFB5D4C9} = {926F1E41-ABBF-4F4A-B82F-2E34472050CC}
		{E9895623-1394-4D20-9C55-09C6F935E476} = {320E0E78-492A-4043-8059-B68A57BBF4D7}
		{E4C0DD1B-C591-4C13-B231-299CEBBADE04} = {5B16CB86-50FD-4BCB-8152-B90547E63D1C}
		{AB92B9AD-C4C7-4378-B2B3-E4FDB43CFCE1} = {5B16CB86-50FD-4BCB-8152-B90547E63D1C}
		{926F1E41-ABBF-4F4A-B82F-2E34472050CC} = {5B16CB86-50FD-4BCB-8152-B90547E63D1C}
		{320E0E78-492A-4043-8059-B68A57BBF4D7} = {5B16CB86-50FD-4BCB-8152-B90547E63D1C}
		{26883F74-7AFB-416E-BB8B-CA1591F146E1} = {1B66AC58-5AC0-44DB-BCC8-9151AA6EF07E}
		{2844D5E8-396D-4A1A-A81A-DE099CB1485B} = {1B66AC58-5AC0-44DB-BCC8-9151AA6EF07E}
		{EAF29649-586D-4D4A-B384-675D95ABAA25} = {2844D5E8-396D-4A1A-A81A-DE099CB1485B}
		{1BDF24B2-53BF-4875-AC05-9F77656BA2D5} = {26883F74-7AFB-416E-BB8B-CA1591F146E1}
		{20261A29-5FB1-4C79-8D7B-B3AE978A0208} = {320E0E78-492A-4043-8059-B68A57BBF4D7}
		{4797608B-2C45-4FF0-A6AC-00393EA5F76F} = {320E0E78-492A-4043-8059-B68A57BBF4D7}
	EndGlobalSection
	GlobalSection(ExtensibilityGlobals) = postSolution
		SolutionGuid = {76D5F1C0-93BA-465C-A1DE-3864AEF8CEB7}
	EndGlobalSection
EndGlobal
